{
  "lockfile_version": "1",
  "packages": {
    "cargo-deny@0.20.2": {
      "last_modified": "2026-10-02T22:55:44Z",
      "resolved": "github:NixOS/nixpkgs/55ba7f49ef2962b42cbd126522b7df5f95037679#cargo-deny",
      "source": "devbox-search",
      "version": "0.20.2",
      "systems": {
        "aarch64-darwin": {
          "outputs": [
            {
              "name": "out",
              "path": "/nix/store/2hfpfpznmzq7a169zfgmj20f355wrs6n-cargo-deny-0.20.2",
              "default": true
            }
          ],
          "store_path": "/nix/store/2hfpfpznmzq7a169zfgmj20f355wrs6n-cargo-deny-0.20.2"
        },
        "aarch64-linux": {
          "outputs": [
            {
              "name": "out",
              "path": "/nix/store/0rjb249ap4833mr2lr4npcq6j893q09q-cargo-deny-0.20.2",
              "default": true
            }
          ],
          "store_path": "/nix/store/0rjb249ap4833mr2lr4npcq6j893q09q-cargo-deny-0.20.2"
        },
        "x86_64-linux": {
          "outputs": [
            {
              "name": "out",
              "path": "/nix/store/awlky4pcmv00g5wm1kcqv5fk2k670k8z-cargo-deny-0.20.2",
              "default": true
            }
          ],
          "store_path": "/nix/store/awlky4pcmv00g5wm1kcqv5fk2k670k8z-cargo-deny-0.20.2"
        }
      }
    },
    "github:NixOS/nixpkgs/nixpkgs-unstable": {
      "last_modified": "2026-10-03T07:08:11Z",
      "resolved": "github:NixOS/nixpkgs/73e728ddb6b7a12d18808f510813a13ee1fe4cce?lastModified=1791011291&narHash=sha256-V6OBJccNKBo%2FktknxlJXZChPoI0NE2lembArBO3CE9k%3D"
    },
    "glibcLocales@latest": {
      "last_modified": "2026-10-02T22:55:44Z",
      "resolved": "github:NixOS/nixpkgs/55ba7f49ef2962b42cbd126522b7df5f95037679#glibcLocales",
      "source": "devbox-search",
      "version": "2.44-25",
      "systems": {
        "aarch64-linux": {
          "outputs": [
            {
              "name": "out",
              "path": "/nix/store/ywzmjizz5nn5bgahbhxhmawz7gmf6mn2-glibc-locales-2.44-25",
              "default": true
            }
          ],
          "store_path": "/nix/store/ywzmjizz5nn5bgahbhxhmawz7gmf6mn2-glibc-locales-2.44-25"
        },
        "x86_64-linux": {
          "outputs": [
            {
              "name": "out",
              "path": "/nix/store/ig5ylfz7qcgpmvzip4pxfkp2pfi76s2j-glibc-locales-2.44-25",
              "default": true
            }
          ],
          "store_path": "/nix/store/ig5ylfz7qcgpmvzip4pxfkp2pfi76s2j-glibc-locales-2.44-25"
        }
      }
    },
    "openssl@3.6.0": {
      "last_modified": "2025-12-05T06:24:47Z",
      "resolved": "github:NixOS/nixpkgs/42e29df35be6ef54091d3a3b4e97056ce0a98ce8#openssl",
      "source": "devbox-search",
      "version": "3.6.0",
      "systems": {
        "aarch64-darwin": {
          "outputs": [
            {
              "name": "bin",
              "path": "/nix/store/z9prisxci5h5lsk3rdknd4jzq7k9q13d-openssl-3.6.0-bin",
              "default": true
            },
            {
              "name": "man",
              "path": "/nix/store/ii9mnzr3i92mgk9dkgg65739mavd0j6f-openssl-3.6.0-man",
              "default": true
            },
            {
              "name": "dev",
              "path": "/nix/store/h0qgqik0mk0wn7rmm2kk3grfi1wzly74-openssl-3.6.0-dev"
            },
            {
              "name": "doc",
              "path": "/nix/store/yx3ip21fdaaxpjn5fbir02mqnaw9cm4f-openssl-3.6.0-doc"
            },
            {
              "name": "out",
              "path": "/nix/store/3z54dgks2mz3dhwddj158sdibll8xmq5-openssl-3.6.0"
            }
          ],
          "store_path": "/nix/store/z9prisxci5h5lsk3rdknd4jzq7k9q13d-openssl-3.6.0-bin"
        },
        "aarch64-linux": {
          "outputs": [
            {
              "name": "bin",
              "path": "/nix/store/wb6q44n9kcb5acmaa4rgqsajadx1fhhl-openssl-3.6.0-bin",
              "default": true
            },
            {
              "name": "man",
              "path": "/nix/store/c9n1alb7ypzjvzd47m16fiwfczz23qs3-openssl-3.6.0-man",
              "default": true
            },
            {
              "name": "debug",
              "path": "/nix/store/ci6d4k1sj4bnr892lsrqqmjiihqsk0bl-openssl-3.6.0-debug"
            },
            {
              "name": "dev",
              "path": "/nix/store/pq8b7fb3282g68pmk14mbyi20qn6chid-openssl-3.6.0-dev"
            },
            {
              "name": "doc",
              "path": "/nix/store/vaplp6w56dyz38986bgkf0pbg3r486b2-openssl-3.6.0-doc"
            },
            {
              "name": "out",
              "path": "/nix/store/nj50gkyx813dxvfmsg1q8m330hmf3h86-openssl-3.6.0"
            }
          ],
          "store_path": "/nix/store/wb6q44n9kcb5acmaa4rgqsajadx1fhhl-openssl-3.6.0-bin"
        },
        "x86_64-darwin": {
          "outputs": [
            {
              "name": "bin",
              "path": "/nix/store/m3xwn9n0jypwjgi256idfzs979g30j29-openssl-3.6.0-bin",
              "default": true
            },
            {
              "name": "man",
              "path": "/nix/store/hw43f3y1vl7ydrd4samnwnrwqqwkpisv-openssl-3.6.0-man",
              "default": true
            },
            {
              "name": "dev",
              "path": "/nix/store/dirjrfjk8jgsbdpslgb51cav6qaxn2vm-openssl-3.6.0-dev"
            },
            {
              "name": "doc",
              "path": "/nix/store/va1zhkz0nfmycvd0h239hi4w40qgaxcx-openssl-3.6.0-doc"
            },
            {
              "name": "out",
              "path": "/nix/store/q9a4wssx24xsy28w8kifdqizc01fh7sc-openssl-3.6.0"
            }
          ],
          "store_path": "/nix/store/m3xwn9n0jypwjgi256idfzs979g30j29-openssl-3.6.0-bin"
        },
        "x86_64-linux": {
          "outputs": [
            {
              "name": "bin",
              "path": "/nix/store/k0gl1zc7f5hk87lylxwbipb0b870bcmk-openssl-3.6.0-bin",
              "default": true
            },
            {
              "name": "man",
              "path": "/nix/store/a9jdl6xq9fc98ykpvqmc9kf0b0j9y8wh-openssl-3.6.0-man",
              "default": true
            },
            {
              "name": "debug",
              "path": "/nix/store/sqv8kbdgfxlr2d6nysr8c2715qpsi6f5-openssl-3.6.0-debug"
            },
            {
              "name": "dev",
              "path": "/nix/store/ydrckgnllgg8nmhdwni81h7xhcpnrlhd-openssl-3.6.0-dev"
            },
            {
              "name": "doc",
              "path": "/nix/store/cgp9ig35iwicfb9spcrgyg2m5dmlcgrv-openssl-3.6.0-doc"
            },
            {
              "name": "out",
              "path": "/nix/store/61i74yjkj9p1qphfl7018ja4sdwkipx0-openssl-3.6.0"
            }
          ],
          "store_path": "/nix/store/k0gl1zc7f5hk87lylxwbipb0b870bcmk-openssl-3.6.0-bin"
        }
      }
    },
    "pkg-config@0.29.2": {
      "last_modified": "2026-10-02T22:55:44Z",
      "resolved": "github:NixOS/nixpkgs/55ba7f49ef2962b42cbd126522b7df5f95037679#pkg-config",
      "source": "devbox-search",
      "version": "0.29.2",
      "systems": {
        "aarch64-darwin": {
          "outputs": [
            {
              "name": "out",
              "path": "/nix/store/nhgylvj98klqggy54h7gbc3b2ia4a00y-pkg-config-wrapper-0.29.2",
              "default": true
            },
            {
              "name": "man",
              "path": "/nix/store/rk4dw0mj2lakbw5hml11mfpmdx9xjzfa-pkg-config-wrapper-0.29.2-man",
              "default": true
            },
            {
              "name": "doc",
              "path": "/nix/store/xzlcs9f8xl9dvnbwifmlfbxy15jq53j1-pkg-config-wrapper-0.29.2-doc"
            }
          ],
          "store_path": "/nix/store/nhgylvj98klqggy54h7gbc3b2ia4a00y-pkg-config-wrapper-0.29.2"
        },
        "aarch64-linux": {
          "outputs": [
            {
              "name": "out",
              "path": "/nix/store/h82n3d0wdrgskdc3yvmz5l3c50h2snvp-pkg-config-wrapper-0.29.2",
              "default": true
            },
            {
              "name": "man",
              "path": "/nix/store/8960pp9vb5hx49q3h315hwr33gb0k2k0-pkg-config-wrapper-0.29.2-man",
              "default": true
            },
            {
              "name": "doc",
              "path": "/nix/store/dxpxspf67kl1gydpl3v3f7pxa3l9wyvq-pkg-config-wrapper-0.29.2-doc"
            }
          ],
          "store_path": "/nix/store/h82n3d0wdrgskdc3yvmz5l3c50h2snvp-pkg-config-wrapper-0.29.2"
        },
        "x86_64-darwin": {
          "outputs": [
            {
              "name": "out",
              "path": "/nix/store/vknadizq0q5kffvx6y4379p9gdry9zq3-pkg-config-wrapper-0.29.2",
              "default": true
            },
            {
              "name": "man",
              "path": "/nix/store/1nyspra675q22gfhf7hn2nmfpi6rgim5-pkg-config-wrapper-0.29.2-man",
              "default": true
            },
            {
              "name": "doc",
              "path": "/nix/store/7lq1axxwrafwljs06n88bzyz9w523rkc-pkg-config-wrapper-0.29.2-doc"
            }
          ],
          "store_path": "/nix/store/vknadizq0q5kffvx6y4379p9gdry9zq3-pkg-config-wrapper-0.29.2"
        },
        "x86_64-linux": {
          "outputs": [
            {
              "name": "out",
              "path": "/nix/store/b9izmrfjp0qnnyahdwwrzdwi87s1h179-pkg-config-wrapper-0.29.2",
              "default": true
            },
            {
              "name": "man",
              "path": "/nix/store/c8asqjndyv84qh5y2z84w9np0c369ill-pkg-config-wrapper-0.29.2-man",
              "default": true
            },
            {
              "name": "doc",
              "path": "/nix/store/8fsw8ybdnhcif89dmk8pp85ykjpvh3pr-pkg-config-wrapper-0.29.2-doc"
            }
          ],
          "store_path": "/nix/store/b9izmrfjp0qnnyahdwwrzdwi87s1h179-pkg-config-wrapper-0.29.2"
        }
      }
    },
    "pnpm@11.22.0": {
      "last_modified": "2026-09-02T18:03:51Z",
      "resolved": "github:NixOS/nixpkgs/9387b3fcc0c23c86661636da63faabad4235a0a6#pnpm",
      "source": "devbox-search",
      "version": "11.22.0",
      "systems": {
        "aarch64-darwin": {
          "outputs": [
            {
              "name": "out",
              "path": "/nix/store/z0rlx5672gdlfb3830irk026yfwz8kyp-pnpm-11.22.0",
              "default": true
            }
          ],
          "store_path": "/nix/store/z0rlx5672gdlfb3830irk026yfwz8kyp-pnpm-11.22.0"
        },
        "aarch64-linux": {
          "outputs": [
            {
              "name": "out",
              "path": "/nix/store/ym3qz78cr56fcc28v3d6paxnjs9v5gqw-pnpm-11.22.0",
              "default": true
            }
          ],
          "store_path": "/nix/store/ym3qz78cr56fcc28v3d6paxnjs9v5gqw-pnpm-11.22.0"
        },
        "x86_64-linux": {
          "outputs": [
            {
              "name": "out",
              "path": "/nix/store/33x60qag0i4ri26wvvkp4lb3hhqw6fsc-pnpm-11.22.0",
              "default": true
            }
          ],
          "store_path": "/nix/store/33x60qag0i4ri26wvvkp4lb3hhqw6fsc-pnpm-11.22.0"
        }
      }
    },
    "postgresql@18.6": {
      "last_modified": "2026-10-02T22:55:44Z",
      "plugin_version": "0.0.2",
      "resolved": "github:NixOS/nixpkgs/55ba7f49ef2962b42cbd126522b7df5f95037679#postgresql",
      "source": "devbox-search",
      "version": "18.6",
      "systems": {
        "aarch64-darwin": {
          "outputs": [
            {
              "name": "out",
              "path": "/nix/store/92dhj2zi51bpi7nlfphhhb9g2k6si0ls-postgresql-18.6",
              "default": true
            },
            {
              "name": "man",
              "path": "/nix/store/aywd96p0a80d1l6y0sa456z340f323q4-postgresql-18.6-man",
              "default": true
            },
            {
              "name": "dev",
              "path": "/nix/store/ksakn82bv9ikkhirkyfpq6b77lxxqxp9-postgresql-18.6-dev"
            },
            {
              "name": "doc",
              "path": "/nix/store/y8rkq8c858zb45m6lvr57xh80vdlz96z-postgresql-18.6-doc"
            },
            {
              "name": "jit",
              "path": "/nix/store/jkhy7836ppc7rsq8nydmbgll16b86q54-postgresql-18.6-jit"
            },
            {
              "name": "lib",
              "path": "/nix/store/mdz70v0s0r8jflylic7c0ql1zj3kih4b-postgresql-18.6-lib"
            },
            {
              "name": "plperl",
              "path": "/nix/store/vszf5cp5v6xihs5gqdax36xg55lkf1q1-postgresql-18.6-plperl"
            },
            {
              "name": "plpython3",
              "path": "/nix/store/y7mwi25zly1kvlbpixl50ks9bqzjd5rz-postgresql-18.6-plpython3"
            },
            {
              "name": "pltcl",
              "path": "/nix/store/rgy0rc6q8rl2ln2jx6f4a4b5km3mzb3r-postgresql-18.6-pltcl"
            }
          ],
          "store_path": "/nix/store/92dhj2zi51bpi7nlfphhhb9g2k6si0ls-postgresql-18.6"
        },
        "aarch64-linux": {
          "outputs": [
            {
              "name": "out",
              "path": "/nix/store/kcj2f7hq99xg8sr0d1gdfj9grgzgd6my-postgresql-18.6",
              "default": true
            },
            {
              "name": "man",
              "path": "/nix/store/02py44f93yisivy9g9ywzx8xqqnn12w4-postgresql-18.6-man",
              "default": true
            },
            {
              "name": "debug",
              "path": "/nix/store/lihi8mymr49zqgh4f8yk168nwhv22ds1-postgresql-18.6-debug"
            },
            {
              "name": "dev",
              "path": "/nix/store/s0d0v9c002hd3cbbx2wfxlgaxr3j7b1i-postgresql-18.6-dev"
            },
            {
              "name": "doc",
              "path": "/nix/store/kbn8yk5nx99qh1wf2mjf4nksqlpc1sd6-postgresql-18.6-doc"
            },
            {
              "name": "jit",
              "path": "/nix/store/p2isvc779b7dbjiak38szj3vhrs137zm-postgresql-18.6-jit"
            },
            {
              "name": "lib",
              "path": "/nix/store/awiph4xig1a4mns1lj4909xvzjs66h9c-postgresql-18.6-lib"
            },
            {
              "name": "plperl",
              "path": "/nix/store/b780cfpsp0hqpfiqzxyilhz9v205wfdj-postgresql-18.6-plperl"
            },
            {
              "name": "plpython3",
              "path": "/nix/store/hl7nda8m840zqs5cwhasy77202yzkhpy-postgresql-18.6-plpython3"
            },
            {
              "name": "pltcl",
              "path": "/nix/store/fpqphm2qfww2svwlhs8ffismkp8pyzy3-postgresql-18.6-pltcl"
            }
          ],
          "store_path": "/nix/store/kcj2f7hq99xg8sr0d1gdfj9grgzgd6my-postgresql-18.6"
        },
        "x86_64-linux": {
          "outputs": [
            {
              "name": "out",
              "path": "/nix/store/4nz2y9q8kdn78axpm4jd7c1phmiygg58-postgresql-18.6",
              "default": true
            },
            {
              "name": "man",
              "path": "/nix/store/r52y4h64z9lcraqkf5hrfccwl3gf1zzz-postgresql-18.6-man",
              "default": true
            },
            {
              "name": "debug",
              "path": "/nix/store/ifvz4l7cv75vqlq77zp62y627wyqwbbv-postgresql-18.6-debug"
            },
            {
              "name": "dev",
              "path": "/nix/store/yn9f4rnyzg0jvmr23zbrhdqb0sr66hlh-postgresql-18.6-dev"
            },
            {
              "name": "doc",
              "path": "/nix/store/niib1wi0nvc0k5dsd3rwbhj62i4cj05r-postgresql-18.6-doc"
            },
            {
              "name": "jit",
              "path": "/nix/store/kcfygy3lywrmxw3asy27k20f6dcgjvaj-postgresql-18.6-jit"
            },
            {
              "name": "lib",
              "path": "/nix/store/yi1sv4ygaaf0h02imxlh4061ccigjp2w-postgresql-18.6-lib"
            },
            {
              "name": "plperl",
              "path": "/nix/store/v2airyn1v1ha18iqpz3i0fqwz6clb7k9-postgresql-18.6-plperl"
            },
            {
              "name": "plpython3",
              "path": "/nix/store/n559p4bvrlavllj74c3qxka3a50l9lfh-postgresql-18.6-plpython3"
            },
            {
              "name": "pltcl",
              "path": "/nix/store/jlz7qb5qi37adgn3v2bparp4yxv54ssq-postgresql-18.6-pltcl"
            }
          ],
          "store_path": "/nix/store/4nz2y9q8kdn78axpm4jd7c1phmiygg58-postgresql-18.6"
        }
      }
    },
    "pre-commit@4.5.1": {
      "last_modified": "2026-08-27T07:16:00Z",
      "resolved": "github:NixOS/nixpkgs/c27cdad491a991b11ed731760aa2ef8db0cb0410#pre-commit",
      "source": "devbox-search",
      "version": "4.5.1",
      "systems": {
        "aarch64-darwin": {
          "outputs": [
            {
              "name": "out",
              "path": "/nix/store/fg50lvs8kf5jcbfmn578h5z6wiay1p4m-pre-commit-4.5.1",
              "default": true
            },
            {
              "name": "dist",
              "path": "/nix/store/5lk0zm075qic9mcjanlnlvvf67kzfjb5-pre-commit-4.5.1-dist"
            }
          ],
          "store_path": "/nix/store/fg50lvs8kf5jcbfmn578h5z6wiay1p4m-pre-commit-4.5.1"
        },
        "aarch64-linux": {
          "outputs": [
            {
              "name": "out",
              "path": "/nix/store/sdm1k3b5d5gy5szf3ialbd6kxplz332w-pre-commit-4.5.1",
              "default": true
            },
            {
              "name": "dist",
              "path": "/nix/store/6qdl4bh053c41zkp4bvj18s3f38y319y-pre-commit-4.5.1-dist"
            }
          ],
          "store_path": "/nix/store/sdm1k3b5d5gy5szf3ialbd6kxplz332w-pre-commit-4.5.1"
        },
        "x86_64-darwin": {
          "outputs": [
            {
              "name": "out",
              "path": "/nix/store/51i9rjiyhdnxd96rp3cc8ykhcld7zhqq-pre-commit-4.5.1",
              "default": true
            },
            {
              "name": "dist",
              "path": "/nix/store/hphzzlh3q6nz74px0mq2a1h7yqkyr35b-pre-commit-4.5.1-dist"
            }
          ],
          "store_path": "/nix/store/51i9rjiyhdnxd96rp3cc8ykhcld7zhqq-pre-commit-4.5.1"
        },
        "x86_64-linux": {
          "outputs": [
            {
              "name": "out",
              "path": "/nix/store/qmf95a0dq52f0nffcq6xavpl6zsmd91s-pre-commit-4.5.1",
              "default": true
            },
            {
              "name": "dist",
              "path": "/nix/store/z1bnarx0px935kmfp65izm92kdiml08g-pre-commit-4.5.1-dist"
            }
          ],
          "store_path": "/nix/store/qmf95a0dq52f0nffcq6xavpl6zsmd91s-pre-commit-4.5.1"
        }
      }
    },
    "rustup@1.29.0": {
      "last_modified": "2026-09-19T18:56:16Z",
      "plugin_version": "0.0.1",
      "resolved": "github:NixOS/nixpkgs/79b35bf0bda5cd110f856aa5b5b2c5ba4460dbf5#rustup",
      "source": "devbox-search",
      "version": "1.29.0",
      "systems": {
        "aarch64-darwin": {
          "outputs": [
            {
              "name": "out",
              "path": "/nix/store/sc6j867802r27yni5r9bk251wlwfbwf3-rustup-1.29.0",
              "default": true
            }
          ],
          "store_path": "/nix/store/sc6j867802r27yni5r9bk251wlwfbwf3-rustup-1.29.0"
        },
        "aarch64-linux": {
          "outputs": [
            {
              "name": "out",
              "path": "/nix/store/z6r60fwh700r3r1vdsvmjmypyxv4qi3g-rustup-1.29.0",
              "default": true
            }
          ],
          "store_path": "/nix/store/z6r60fwh700r3r1vdsvmjmypyxv4qi3g-rustup-1.29.0"
        },
        "x86_64-darwin": {
          "outputs": [
            {
              "name": "out",
              "path": "/nix/store/lvm2155pfw1b3a9g8cij5g7vx2dk4v9f-rustup-1.29.0",
              "default": true
            }
          ],
          "store_path": "/nix/store/lvm2155pfw1b3a9g8cij5g7vx2dk4v9f-rustup-1.29.0"
        },
        "x86_64-linux": {
          "outputs": [
            {
              "name": "out",
              "path": "/nix/store/yfb4m0ppkap16a2isbfaxqn4kgy0xz4r-rustup-1.29.0",
              "default": true
            }
          ],
          "store_path": "/nix/store/yfb4m0ppkap16a2isbfaxqn4kgy0xz4r-rustup-1.29.0"
        }
      }
    },
    "sqlx-cli@0.8.6": {
      "last_modified": "2026-05-21T08:15:18Z",
      "resolved": "github:NixOS/nixpkgs/4a29d733e8a7d5b824c3d8c958a946a9867b3eb2#sqlx-cli",
      "source": "devbox-search",
      "version": "0.8.6",
      "systems": {
        "aarch64-darwin": {
          "outputs": [
            {
              "name": "out",
              "path": "/nix/store/5icfnqhb8mbdmcfpq2jzj2l6hyca26mb-sqlx-cli-0.8.6",
              "default": true
            }
          ],
          "store_path": "/nix/store/5icfnqhb8mbdmcfpq2jzj2l6hyca26mb-sqlx-cli-0.8.6"
        },
        "aarch64-linux": {
          "outputs": [
            {
              "name": "out",
              "path": "/nix/store/jxgd3n2rs71r28b0izf66g3ys2mq86q9-sqlx-cli-0.8.6",
              "default": true
            }
          ],
          "store_path": "/nix/store/jxgd3n2rs71r28b0izf66g3ys2mq86q9-sqlx-cli-0.8.6"
        },
        "x86_64-darwin": {
          "outputs": [
            {
              "name": "out",
              "path": "/nix/store/cgz0zaiky83f5zj9gjxjalqj82qdyj4c-sqlx-cli-0.8.6",
              "default": true
            }
          ],
          "store_path": "/nix/store/cgz0zaiky83f5zj9gjxjalqj82qdyj4c-sqlx-cli-0.8.6"
        },
        "x86_64-linux": {
          "outputs": [
            {
              "name": "out",
              "path": "/nix/store/bhwi716qa64gsdzxzgnr4yqmv6k5a9yi-sqlx-cli-0.8.6",
              "default": true
            }
          ],
          "store_path": "/nix/store/bhwi716qa64gsdzxzgnr4yqmv6k5a9yi-sqlx-cli-0.8.6"
        }
      }
    }
  }
}
