{
  "lockfile_version": "1",
  "packages": {
    "cargo-deny@0.19.9": {
      "last_modified": "2026-06-27T07:37:20Z",
      "resolved": "github:NixOS/nixpkgs/3d46470bb3030020f7e1361f33514854f5bfa86d#cargo-deny",
      "source": "devbox-search",
      "version": "0.19.9",
      "systems": {
        "aarch64-darwin": {
          "outputs": [
            {
              "name": "out",
              "path": "/nix/store/v99rw4r3b5lsryldx99qz3xzmgj74gdr-cargo-deny-0.19.9",
              "default": true
            }
          ],
          "store_path": "/nix/store/v99rw4r3b5lsryldx99qz3xzmgj74gdr-cargo-deny-0.19.9"
        },
        "aarch64-linux": {
          "outputs": [
            {
              "name": "out",
              "path": "/nix/store/zgc1xb8r55abc3chi7sgavhwz5hws2sn-cargo-deny-0.19.9",
              "default": true
            }
          ],
          "store_path": "/nix/store/zgc1xb8r55abc3chi7sgavhwz5hws2sn-cargo-deny-0.19.9"
        },
        "x86_64-darwin": {
          "outputs": [
            {
              "name": "out",
              "path": "/nix/store/n2ckarrlhk6379in8b2dnlxlw63b4j4s-cargo-deny-0.19.9",
              "default": true
            }
          ],
          "store_path": "/nix/store/n2ckarrlhk6379in8b2dnlxlw63b4j4s-cargo-deny-0.19.9"
        },
        "x86_64-linux": {
          "outputs": [
            {
              "name": "out",
              "path": "/nix/store/gn38ql74svbl5ggl8iicl8rw15kzqgx0-cargo-deny-0.19.9",
              "default": true
            }
          ],
          "store_path": "/nix/store/gn38ql74svbl5ggl8iicl8rw15kzqgx0-cargo-deny-0.19.9"
        }
      }
    },
    "github:NixOS/nixpkgs/nixpkgs-unstable": {
      "last_modified": "2026-07-05T10:35:43Z",
      "resolved": "github:NixOS/nixpkgs/c4013e501c048ae7c4a8940c92837636042bf6c3?lastModified=1783247743&narHash=sha256-9b2xGt5CAd6WriPJOZs%2FEYXq9fGVCeoisYo1P3nhL2Y%3D"
    },
    "glibcLocales@latest": {
      "last_modified": "2026-06-27T07:37:20Z",
      "resolved": "github:NixOS/nixpkgs/3d46470bb3030020f7e1361f33514854f5bfa86d#glibcLocales",
      "source": "devbox-search",
      "version": "2.42-67",
      "systems": {
        "aarch64-linux": {
          "outputs": [
            {
              "name": "out",
              "path": "/nix/store/45rdg72dz14p5ia1lzc4ss2lfflz2j8d-glibc-locales-2.42-67",
              "default": true
            }
          ],
          "store_path": "/nix/store/45rdg72dz14p5ia1lzc4ss2lfflz2j8d-glibc-locales-2.42-67"
        },
        "x86_64-linux": {
          "outputs": [
            {
              "name": "out",
              "path": "/nix/store/3rn8xp3bb6ppiv3aq1kcxqsxdvr6n6b8-glibc-locales-2.42-67",
              "default": true
            }
          ],
          "store_path": "/nix/store/3rn8xp3bb6ppiv3aq1kcxqsxdvr6n6b8-glibc-locales-2.42-67"
        }
      }
    },
    "openssl@3.6.0": {
      "last_modified": "2025-12-05T06:24:47Z",
      "resolved": "github:NixOS/nixpkgs/42e29df35be6ef54091d3a3b4e97056ce0a98ce8#openssl",
      "source": "devbox-search",
      "version": "3.6.0",
      "systems": {
        "aarch64-darwin": {
          "outputs": [
            {
              "name": "bin",
              "path": "/nix/store/z9prisxci5h5lsk3rdknd4jzq7k9q13d-openssl-3.6.0-bin",
              "default": true
            },
            {
              "name": "man",
              "path": "/nix/store/ii9mnzr3i92mgk9dkgg65739mavd0j6f-openssl-3.6.0-man",
              "default": true
            },
            {
              "name": "dev",
              "path": "/nix/store/h0qgqik0mk0wn7rmm2kk3grfi1wzly74-openssl-3.6.0-dev"
            },
            {
              "name": "doc",
              "path": "/nix/store/yx3ip21fdaaxpjn5fbir02mqnaw9cm4f-openssl-3.6.0-doc"
            },
            {
              "name": "out",
              "path": "/nix/store/3z54dgks2mz3dhwddj158sdibll8xmq5-openssl-3.6.0"
            }
          ],
          "store_path": "/nix/store/z9prisxci5h5lsk3rdknd4jzq7k9q13d-openssl-3.6.0-bin"
        },
        "aarch64-linux": {
          "outputs": [
            {
              "name": "bin",
              "path": "/nix/store/wb6q44n9kcb5acmaa4rgqsajadx1fhhl-openssl-3.6.0-bin",
              "default": true
            },
            {
              "name": "man",
              "path": "/nix/store/c9n1alb7ypzjvzd47m16fiwfczz23qs3-openssl-3.6.0-man",
              "default": true
            },
            {
              "name": "debug",
              "path": "/nix/store/ci6d4k1sj4bnr892lsrqqmjiihqsk0bl-openssl-3.6.0-debug"
            },
            {
              "name": "dev",
              "path": "/nix/store/pq8b7fb3282g68pmk14mbyi20qn6chid-openssl-3.6.0-dev"
            },
            {
              "name": "doc",
              "path": "/nix/store/vaplp6w56dyz38986bgkf0pbg3r486b2-openssl-3.6.0-doc"
            },
            {
              "name": "out",
              "path": "/nix/store/nj50gkyx813dxvfmsg1q8m330hmf3h86-openssl-3.6.0"
            }
          ],
          "store_path": "/nix/store/wb6q44n9kcb5acmaa4rgqsajadx1fhhl-openssl-3.6.0-bin"
        },
        "x86_64-darwin": {
          "outputs": [
            {
              "name": "bin",
              "path": "/nix/store/m3xwn9n0jypwjgi256idfzs979g30j29-openssl-3.6.0-bin",
              "default": true
            },
            {
              "name": "man",
              "path": "/nix/store/hw43f3y1vl7ydrd4samnwnrwqqwkpisv-openssl-3.6.0-man",
              "default": true
            },
            {
              "name": "dev",
              "path": "/nix/store/dirjrfjk8jgsbdpslgb51cav6qaxn2vm-openssl-3.6.0-dev"
            },
            {
              "name": "doc",
              "path": "/nix/store/va1zhkz0nfmycvd0h239hi4w40qgaxcx-openssl-3.6.0-doc"
            },
            {
              "name": "out",
              "path": "/nix/store/q9a4wssx24xsy28w8kifdqizc01fh7sc-openssl-3.6.0"
            }
          ],
          "store_path": "/nix/store/m3xwn9n0jypwjgi256idfzs979g30j29-openssl-3.6.0-bin"
        },
        "x86_64-linux": {
          "outputs": [
            {
              "name": "bin",
              "path": "/nix/store/k0gl1zc7f5hk87lylxwbipb0b870bcmk-openssl-3.6.0-bin",
              "default": true
            },
            {
              "name": "man",
              "path": "/nix/store/a9jdl6xq9fc98ykpvqmc9kf0b0j9y8wh-openssl-3.6.0-man",
              "default": true
            },
            {
              "name": "debug",
              "path": "/nix/store/sqv8kbdgfxlr2d6nysr8c2715qpsi6f5-openssl-3.6.0-debug"
            },
            {
              "name": "dev",
              "path": "/nix/store/ydrckgnllgg8nmhdwni81h7xhcpnrlhd-openssl-3.6.0-dev"
            },
            {
              "name": "doc",
              "path": "/nix/store/cgp9ig35iwicfb9spcrgyg2m5dmlcgrv-openssl-3.6.0-doc"
            },
            {
              "name": "out",
              "path": "/nix/store/61i74yjkj9p1qphfl7018ja4sdwkipx0-openssl-3.6.0"
            }
          ],
          "store_path": "/nix/store/k0gl1zc7f5hk87lylxwbipb0b870bcmk-openssl-3.6.0-bin"
        }
      }
    },
    "pkg-config@0.29.2": {
      "last_modified": "2025-11-23T21:50:36Z",
      "resolved": "github:NixOS/nixpkgs/ee09932cedcef15aaf476f9343d1dea2cb77e261#pkg-config",
      "source": "devbox-search",
      "version": "0.29.2",
      "systems": {
        "aarch64-darwin": {
          "outputs": [
            {
              "name": "out",
              "path": "/nix/store/hygaaqwk9ylklp0ybwppqhw75nz8ya41-pkg-config-wrapper-0.29.2",
              "default": true
            },
            {
              "name": "man",
              "path": "/nix/store/9px0sji43x3r2w4zxl3j3idwsql7lwxx-pkg-config-wrapper-0.29.2-man",
              "default": true
            },
            {
              "name": "doc",
              "path": "/nix/store/hqk44ra6qxw7iixardl6c3hdgb9kq6ns-pkg-config-wrapper-0.29.2-doc"
            }
          ],
          "store_path": "/nix/store/hygaaqwk9ylklp0ybwppqhw75nz8ya41-pkg-config-wrapper-0.29.2"
        },
        "aarch64-linux": {
          "outputs": [
            {
              "name": "out",
              "path": "/nix/store/lbiigi8qbp7mzf1lpr7p982l1kyf01ql-pkg-config-wrapper-0.29.2",
              "default": true
            },
            {
              "name": "man",
              "path": "/nix/store/10060k24qggqyzlwdsfmni9y32zxcg0j-pkg-config-wrapper-0.29.2-man",
              "default": true
            },
            {
              "name": "doc",
              "path": "/nix/store/0y4v51ndpyvkj09hwlfqkz0c3h17zfmc-pkg-config-wrapper-0.29.2-doc"
            }
          ],
          "store_path": "/nix/store/lbiigi8qbp7mzf1lpr7p982l1kyf01ql-pkg-config-wrapper-0.29.2"
        },
        "x86_64-darwin": {
          "outputs": [
            {
              "name": "out",
              "path": "/nix/store/vknadizq0q5kffvx6y4379p9gdry9zq3-pkg-config-wrapper-0.29.2",
              "default": true
            },
            {
              "name": "man",
              "path": "/nix/store/1nyspra675q22gfhf7hn2nmfpi6rgim5-pkg-config-wrapper-0.29.2-man",
              "default": true
            },
            {
              "name": "doc",
              "path": "/nix/store/7lq1axxwrafwljs06n88bzyz9w523rkc-pkg-config-wrapper-0.29.2-doc"
            }
          ],
          "store_path": "/nix/store/vknadizq0q5kffvx6y4379p9gdry9zq3-pkg-config-wrapper-0.29.2"
        },
        "x86_64-linux": {
          "outputs": [
            {
              "name": "out",
              "path": "/nix/store/8vdiwpbh0g4avsd6x5v4s0di32vcl3dp-pkg-config-wrapper-0.29.2",
              "default": true
            },
            {
              "name": "man",
              "path": "/nix/store/j9xfpnrygg3v37svc5pfin9q5bm49r94-pkg-config-wrapper-0.29.2-man",
              "default": true
            },
            {
              "name": "doc",
              "path": "/nix/store/x3bypxdxaq20kykybhkf21x4jczsiy8y-pkg-config-wrapper-0.29.2-doc"
            }
          ],
          "store_path": "/nix/store/8vdiwpbh0g4avsd6x5v4s0di32vcl3dp-pkg-config-wrapper-0.29.2"
        }
      }
    },
    "pnpm@11.9.0": {
      "last_modified": "2026-06-27T07:37:20Z",
      "resolved": "github:NixOS/nixpkgs/3d46470bb3030020f7e1361f33514854f5bfa86d#pnpm",
      "source": "devbox-search",
      "version": "11.9.0",
      "systems": {
        "aarch64-darwin": {
          "outputs": [
            {
              "name": "out",
              "path": "/nix/store/smxi4h44j1hj557lr4wjvdi5rdlarxw3-pnpm-11.9.0",
              "default": true
            }
          ],
          "store_path": "/nix/store/smxi4h44j1hj557lr4wjvdi5rdlarxw3-pnpm-11.9.0"
        },
        "aarch64-linux": {
          "outputs": [
            {
              "name": "out",
              "path": "/nix/store/d0gyd6l4g7yi7nd7ddgliv8alcqiya20-pnpm-11.9.0",
              "default": true
            }
          ],
          "store_path": "/nix/store/d0gyd6l4g7yi7nd7ddgliv8alcqiya20-pnpm-11.9.0"
        },
        "x86_64-darwin": {
          "outputs": [
            {
              "name": "out",
              "path": "/nix/store/l5kand3q10lq1fzpj11wzvhjkxclrxix-pnpm-11.9.0",
              "default": true
            }
          ],
          "store_path": "/nix/store/l5kand3q10lq1fzpj11wzvhjkxclrxix-pnpm-11.9.0"
        },
        "x86_64-linux": {
          "outputs": [
            {
              "name": "out",
              "path": "/nix/store/gfrj5gwr59daw5qi72phra770mi0xvh1-pnpm-11.9.0",
              "default": true
            }
          ],
          "store_path": "/nix/store/gfrj5gwr59daw5qi72phra770mi0xvh1-pnpm-11.9.0"
        }
      }
    },
    "postgresql@18.4": {
      "last_modified": "2026-07-17T09:58:13Z",
      "plugin_version": "0.0.2",
      "resolved": "github:NixOS/nixpkgs/a47c123a609287a012dfc44d281de2dd4ed13394#postgresql",
      "source": "devbox-search",
      "version": "18.4",
      "systems": {
        "aarch64-darwin": {
          "outputs": [
            {
              "name": "out",
              "path": "/nix/store/rx1m5hqli5g7rjrq316gk8f6hjxhbgrf-postgresql-18.4",
              "default": true
            },
            {
              "name": "man",
              "path": "/nix/store/ivdf7fl7722wwsrp1s1c89pvdrmdk1jq-postgresql-18.4-man",
              "default": true
            },
            {
              "name": "plperl",
              "path": "/nix/store/jgwnpxd41f0cvd7ivfka40jhkg01clnm-postgresql-18.4-plperl"
            },
            {
              "name": "pltcl",
              "path": "/nix/store/nx679kprx8fggjqj0hk9i466dqdrgdrj-postgresql-18.4-pltcl"
            },
            {
              "name": "jit",
              "path": "/nix/store/jf9kixf9i1l9ifjs0i9s6fih1j4vpkgp-postgresql-18.4-jit"
            },
            {
              "name": "plpython3",
              "path": "/nix/store/iam8fd9i3zigvxidakpz81z8sh3xqkbx-postgresql-18.4-plpython3"
            },
            {
              "name": "dev",
              "path": "/nix/store/r11p17wd3x13fkryfrrbrgrx5nxilvga-postgresql-18.4-dev"
            },
            {
              "name": "doc",
              "path": "/nix/store/2f28zywgp5cb08z7b1bvvp8rfy0pxn9p-postgresql-18.4-doc"
            },
            {
              "name": "lib",
              "path": "/nix/store/qn9nw93k34bs0d0kj3nfafwbhn12z07d-postgresql-18.4-lib"
            }
          ],
          "store_path": "/nix/store/rx1m5hqli5g7rjrq316gk8f6hjxhbgrf-postgresql-18.4"
        },
        "aarch64-linux": {
          "outputs": [
            {
              "name": "out",
              "path": "/nix/store/jf8arbb6n0kylpjh999dv16w98js4y4k-postgresql-18.4",
              "default": true
            },
            {
              "name": "man",
              "path": "/nix/store/x6qjnq26la2z9a8nhwhqbigmys32kd1s-postgresql-18.4-man",
              "default": true
            },
            {
              "name": "jit",
              "path": "/nix/store/s6rw8q4basrvxy5dy5bn3wbb3wh2khdi-postgresql-18.4-jit"
            },
            {
              "name": "plperl",
              "path": "/nix/store/kiww387nca8q3k81n3ifhhm7cabj4136-postgresql-18.4-plperl"
            },
            {
              "name": "plpython3",
              "path": "/nix/store/xah9rbfl6hkhzklr3kqs3xafxn84x4a0-postgresql-18.4-plpython3"
            },
            {
              "name": "lib",
              "path": "/nix/store/5qcmni7sk7rvjwi3mnh8981gq34zwysk-postgresql-18.4-lib"
            },
            {
              "name": "pltcl",
              "path": "/nix/store/4plv7bmfmr9xrng4crbjyjppdk3pl73n-postgresql-18.4-pltcl"
            },
            {
              "name": "debug",
              "path": "/nix/store/2lbsnjkj8r10pvqfkjv8y469aq3bnczv-postgresql-18.4-debug"
            },
            {
              "name": "dev",
              "path": "/nix/store/cvzfc7kv4jvi1f61naq2fzkm7d1kn92r-postgresql-18.4-dev"
            },
            {
              "name": "doc",
              "path": "/nix/store/qwhi1pzhxyi7zs0bk3yajl5k7rswndph-postgresql-18.4-doc"
            }
          ],
          "store_path": "/nix/store/jf8arbb6n0kylpjh999dv16w98js4y4k-postgresql-18.4"
        },
        "x86_64-linux": {
          "outputs": [
            {
              "name": "out",
              "path": "/nix/store/jnln5fgb9zsr408gl8ya1yrxkmfnagcj-postgresql-18.4",
              "default": true
            },
            {
              "name": "man",
              "path": "/nix/store/plwx8j0kbmi66vffmb4697xjck303y67-postgresql-18.4-man",
              "default": true
            },
            {
              "name": "debug",
              "path": "/nix/store/x924pgm4hg791skjllhmhlx1v049jnns-postgresql-18.4-debug"
            },
            {
              "name": "dev",
              "path": "/nix/store/gjj7pxzaz0wy8iyx6hin73lnjnhlq0ix-postgresql-18.4-dev"
            },
            {
              "name": "doc",
              "path": "/nix/store/xdrbna2ngarqmprq8j0ncc60svzq8r45-postgresql-18.4-doc"
            },
            {
              "name": "jit",
              "path": "/nix/store/d6ij19hl9f904dlzs1vsm7q1zik022bl-postgresql-18.4-jit"
            },
            {
              "name": "plpython3",
              "path": "/nix/store/k7yr6v61mprz63p2b8ryfilni2jlhalj-postgresql-18.4-plpython3"
            },
            {
              "name": "lib",
              "path": "/nix/store/r06f3q761ji714wsfs5zsz18g1b41zpz-postgresql-18.4-lib"
            },
            {
              "name": "plperl",
              "path": "/nix/store/hrv7dgnyn59zdj0i1dpplxqzi6rbcm2p-postgresql-18.4-plperl"
            },
            {
              "name": "pltcl",
              "path": "/nix/store/wkgpq9xvpjqsj75jp7xb3nss3p7m808g-postgresql-18.4-pltcl"
            }
          ],
          "store_path": "/nix/store/jnln5fgb9zsr408gl8ya1yrxkmfnagcj-postgresql-18.4"
        }
      }
    },
    "pre-commit@4.5.1": {
      "last_modified": "2026-06-27T07:37:20Z",
      "resolved": "github:NixOS/nixpkgs/3d46470bb3030020f7e1361f33514854f5bfa86d#pre-commit",
      "source": "devbox-search",
      "version": "4.5.1",
      "systems": {
        "aarch64-darwin": {
          "outputs": [
            {
              "name": "out",
              "path": "/nix/store/3a82wd5rc40p6nb5m6q779pm6mb5z54s-pre-commit-4.5.1",
              "default": true
            },
            {
              "name": "dist",
              "path": "/nix/store/sp0ikhh5qy1m8sx78n1d0bbfngcxiqap-pre-commit-4.5.1-dist"
            }
          ],
          "store_path": "/nix/store/3a82wd5rc40p6nb5m6q779pm6mb5z54s-pre-commit-4.5.1"
        },
        "aarch64-linux": {
          "outputs": [
            {
              "name": "out",
              "path": "/nix/store/f3y3xqyq6bwqpxma3b1vgrgg27gmwcla-pre-commit-4.5.1",
              "default": true
            },
            {
              "name": "dist",
              "path": "/nix/store/xx4dp6ajrcnhlakanf0y7jl406ri1chs-pre-commit-4.5.1-dist"
            }
          ],
          "store_path": "/nix/store/f3y3xqyq6bwqpxma3b1vgrgg27gmwcla-pre-commit-4.5.1"
        },
        "x86_64-darwin": {
          "outputs": [
            {
              "name": "out",
              "path": "/nix/store/51i9rjiyhdnxd96rp3cc8ykhcld7zhqq-pre-commit-4.5.1",
              "default": true
            },
            {
              "name": "dist",
              "path": "/nix/store/hphzzlh3q6nz74px0mq2a1h7yqkyr35b-pre-commit-4.5.1-dist"
            }
          ],
          "store_path": "/nix/store/51i9rjiyhdnxd96rp3cc8ykhcld7zhqq-pre-commit-4.5.1"
        },
        "x86_64-linux": {
          "outputs": [
            {
              "name": "out",
              "path": "/nix/store/pi00kf1m0bs82i4f3gjhyjavczhza541-pre-commit-4.5.1",
              "default": true
            },
            {
              "name": "dist",
              "path": "/nix/store/h99x0cd5s00nyp3l9f9cr8wlzm811vaz-pre-commit-4.5.1-dist"
            }
          ],
          "store_path": "/nix/store/pi00kf1m0bs82i4f3gjhyjavczhza541-pre-commit-4.5.1"
        }
      }
    },
    "rustup@1.29.0": {
      "last_modified": "2026-06-27T07:37:20Z",
      "plugin_version": "0.0.1",
      "resolved": "github:NixOS/nixpkgs/3d46470bb3030020f7e1361f33514854f5bfa86d#rustup",
      "source": "devbox-search",
      "version": "1.29.0",
      "systems": {
        "aarch64-darwin": {
          "outputs": [
            {
              "name": "out",
              "path": "/nix/store/v3r8r9l3qmxm9sb4gsnnrhz4xcz82fl2-rustup-1.29.0",
              "default": true
            }
          ],
          "store_path": "/nix/store/v3r8r9l3qmxm9sb4gsnnrhz4xcz82fl2-rustup-1.29.0"
        },
        "aarch64-linux": {
          "outputs": [
            {
              "name": "out",
              "path": "/nix/store/1ghz0g8a4p12amgzdsn0g7s47vzawxph-rustup-1.29.0",
              "default": true
            }
          ],
          "store_path": "/nix/store/1ghz0g8a4p12amgzdsn0g7s47vzawxph-rustup-1.29.0"
        },
        "x86_64-darwin": {
          "outputs": [
            {
              "name": "out",
              "path": "/nix/store/lvm2155pfw1b3a9g8cij5g7vx2dk4v9f-rustup-1.29.0",
              "default": true
            }
          ],
          "store_path": "/nix/store/lvm2155pfw1b3a9g8cij5g7vx2dk4v9f-rustup-1.29.0"
        },
        "x86_64-linux": {
          "outputs": [
            {
              "name": "out",
              "path": "/nix/store/cxx967kpb69s62f8xh97qq1r2lhj6i3s-rustup-1.29.0",
              "default": true
            }
          ],
          "store_path": "/nix/store/cxx967kpb69s62f8xh97qq1r2lhj6i3s-rustup-1.29.0"
        }
      }
    },
    "sqlx-cli@0.8.6": {
      "last_modified": "2026-05-21T08:15:18Z",
      "resolved": "github:NixOS/nixpkgs/4a29d733e8a7d5b824c3d8c958a946a9867b3eb2#sqlx-cli",
      "source": "devbox-search",
      "version": "0.8.6",
      "systems": {
        "aarch64-darwin": {
          "outputs": [
            {
              "name": "out",
              "path": "/nix/store/5icfnqhb8mbdmcfpq2jzj2l6hyca26mb-sqlx-cli-0.8.6",
              "default": true
            }
          ],
          "store_path": "/nix/store/5icfnqhb8mbdmcfpq2jzj2l6hyca26mb-sqlx-cli-0.8.6"
        },
        "aarch64-linux": {
          "outputs": [
            {
              "name": "out",
              "path": "/nix/store/jxgd3n2rs71r28b0izf66g3ys2mq86q9-sqlx-cli-0.8.6",
              "default": true
            }
          ],
          "store_path": "/nix/store/jxgd3n2rs71r28b0izf66g3ys2mq86q9-sqlx-cli-0.8.6"
        },
        "x86_64-darwin": {
          "outputs": [
            {
              "name": "out",
              "path": "/nix/store/cgz0zaiky83f5zj9gjxjalqj82qdyj4c-sqlx-cli-0.8.6",
              "default": true
            }
          ],
          "store_path": "/nix/store/cgz0zaiky83f5zj9gjxjalqj82qdyj4c-sqlx-cli-0.8.6"
        },
        "x86_64-linux": {
          "outputs": [
            {
              "name": "out",
              "path": "/nix/store/bhwi716qa64gsdzxzgnr4yqmv6k5a9yi-sqlx-cli-0.8.6",
              "default": true
            }
          ],
          "store_path": "/nix/store/bhwi716qa64gsdzxzgnr4yqmv6k5a9yi-sqlx-cli-0.8.6"
        }
      }
    }
  }
}
