{
  "lockfile_version": "1",
  "packages": {
    "cargo-deny@0.20.2": {
      "last_modified": "2026-08-27T07:16:00Z",
      "resolved": "github:NixOS/nixpkgs/c27cdad491a991b11ed731760aa2ef8db0cb0410#cargo-deny",
      "source": "devbox-search",
      "version": "0.20.2",
      "systems": {
        "aarch64-darwin": {
          "outputs": [
            {
              "name": "out",
              "path": "/nix/store/nlckq0jhr4y7sn5x47hlhq56c2fgn023-cargo-deny-0.20.2",
              "default": true
            }
          ],
          "store_path": "/nix/store/nlckq0jhr4y7sn5x47hlhq56c2fgn023-cargo-deny-0.20.2"
        },
        "aarch64-linux": {
          "outputs": [
            {
              "name": "out",
              "path": "/nix/store/1qrmrw5g6krig256b70gfki6657albax-cargo-deny-0.20.2",
              "default": true
            }
          ],
          "store_path": "/nix/store/1qrmrw5g6krig256b70gfki6657albax-cargo-deny-0.20.2"
        },
        "x86_64-linux": {
          "outputs": [
            {
              "name": "out",
              "path": "/nix/store/4mdp104vc5j205rd3h7zh9cy2y2ik2jj-cargo-deny-0.20.2",
              "default": true
            }
          ],
          "store_path": "/nix/store/4mdp104vc5j205rd3h7zh9cy2y2ik2jj-cargo-deny-0.20.2"
        }
      }
    },
    "github:NixOS/nixpkgs/nixpkgs-unstable": {
      "last_modified": "2026-08-29T00:50:12Z",
      "resolved": "github:NixOS/nixpkgs/e8be7818e19ada32105a8af937a6a473b38167ca?lastModified=1787964612&narHash=sha256-0N9nghg3nwzX6b6qc77EzjR9cu%2FZ%2BUR66FlfsCqiURs%3D"
    },
    "glibcLocales@latest": {
      "last_modified": "2026-08-27T07:16:00Z",
      "resolved": "github:NixOS/nixpkgs/c27cdad491a991b11ed731760aa2ef8db0cb0410#glibcLocales",
      "source": "devbox-search",
      "version": "2.42-84",
      "systems": {
        "aarch64-linux": {
          "outputs": [
            {
              "name": "out",
              "path": "/nix/store/iacrshzwi3r6k7jr98p94v3naji51f04-glibc-locales-2.42-84",
              "default": true
            }
          ],
          "store_path": "/nix/store/iacrshzwi3r6k7jr98p94v3naji51f04-glibc-locales-2.42-84"
        },
        "x86_64-linux": {
          "outputs": [
            {
              "name": "out",
              "path": "/nix/store/f65j04fnffn1wb67s11m8mhghf3xzpc1-glibc-locales-2.42-84",
              "default": true
            }
          ],
          "store_path": "/nix/store/f65j04fnffn1wb67s11m8mhghf3xzpc1-glibc-locales-2.42-84"
        }
      }
    },
    "openssl@3.6.0": {
      "last_modified": "2025-12-05T06:24:47Z",
      "resolved": "github:NixOS/nixpkgs/42e29df35be6ef54091d3a3b4e97056ce0a98ce8#openssl",
      "source": "devbox-search",
      "version": "3.6.0",
      "systems": {
        "aarch64-darwin": {
          "outputs": [
            {
              "name": "bin",
              "path": "/nix/store/z9prisxci5h5lsk3rdknd4jzq7k9q13d-openssl-3.6.0-bin",
              "default": true
            },
            {
              "name": "man",
              "path": "/nix/store/ii9mnzr3i92mgk9dkgg65739mavd0j6f-openssl-3.6.0-man",
              "default": true
            },
            {
              "name": "dev",
              "path": "/nix/store/h0qgqik0mk0wn7rmm2kk3grfi1wzly74-openssl-3.6.0-dev"
            },
            {
              "name": "doc",
              "path": "/nix/store/yx3ip21fdaaxpjn5fbir02mqnaw9cm4f-openssl-3.6.0-doc"
            },
            {
              "name": "out",
              "path": "/nix/store/3z54dgks2mz3dhwddj158sdibll8xmq5-openssl-3.6.0"
            }
          ],
          "store_path": "/nix/store/z9prisxci5h5lsk3rdknd4jzq7k9q13d-openssl-3.6.0-bin"
        },
        "aarch64-linux": {
          "outputs": [
            {
              "name": "bin",
              "path": "/nix/store/wb6q44n9kcb5acmaa4rgqsajadx1fhhl-openssl-3.6.0-bin",
              "default": true
            },
            {
              "name": "man",
              "path": "/nix/store/c9n1alb7ypzjvzd47m16fiwfczz23qs3-openssl-3.6.0-man",
              "default": true
            },
            {
              "name": "debug",
              "path": "/nix/store/ci6d4k1sj4bnr892lsrqqmjiihqsk0bl-openssl-3.6.0-debug"
            },
            {
              "name": "dev",
              "path": "/nix/store/pq8b7fb3282g68pmk14mbyi20qn6chid-openssl-3.6.0-dev"
            },
            {
              "name": "doc",
              "path": "/nix/store/vaplp6w56dyz38986bgkf0pbg3r486b2-openssl-3.6.0-doc"
            },
            {
              "name": "out",
              "path": "/nix/store/nj50gkyx813dxvfmsg1q8m330hmf3h86-openssl-3.6.0"
            }
          ],
          "store_path": "/nix/store/wb6q44n9kcb5acmaa4rgqsajadx1fhhl-openssl-3.6.0-bin"
        },
        "x86_64-darwin": {
          "outputs": [
            {
              "name": "bin",
              "path": "/nix/store/m3xwn9n0jypwjgi256idfzs979g30j29-openssl-3.6.0-bin",
              "default": true
            },
            {
              "name": "man",
              "path": "/nix/store/hw43f3y1vl7ydrd4samnwnrwqqwkpisv-openssl-3.6.0-man",
              "default": true
            },
            {
              "name": "dev",
              "path": "/nix/store/dirjrfjk8jgsbdpslgb51cav6qaxn2vm-openssl-3.6.0-dev"
            },
            {
              "name": "doc",
              "path": "/nix/store/va1zhkz0nfmycvd0h239hi4w40qgaxcx-openssl-3.6.0-doc"
            },
            {
              "name": "out",
              "path": "/nix/store/q9a4wssx24xsy28w8kifdqizc01fh7sc-openssl-3.6.0"
            }
          ],
          "store_path": "/nix/store/m3xwn9n0jypwjgi256idfzs979g30j29-openssl-3.6.0-bin"
        },
        "x86_64-linux": {
          "outputs": [
            {
              "name": "bin",
              "path": "/nix/store/k0gl1zc7f5hk87lylxwbipb0b870bcmk-openssl-3.6.0-bin",
              "default": true
            },
            {
              "name": "man",
              "path": "/nix/store/a9jdl6xq9fc98ykpvqmc9kf0b0j9y8wh-openssl-3.6.0-man",
              "default": true
            },
            {
              "name": "debug",
              "path": "/nix/store/sqv8kbdgfxlr2d6nysr8c2715qpsi6f5-openssl-3.6.0-debug"
            },
            {
              "name": "dev",
              "path": "/nix/store/ydrckgnllgg8nmhdwni81h7xhcpnrlhd-openssl-3.6.0-dev"
            },
            {
              "name": "doc",
              "path": "/nix/store/cgp9ig35iwicfb9spcrgyg2m5dmlcgrv-openssl-3.6.0-doc"
            },
            {
              "name": "out",
              "path": "/nix/store/61i74yjkj9p1qphfl7018ja4sdwkipx0-openssl-3.6.0"
            }
          ],
          "store_path": "/nix/store/k0gl1zc7f5hk87lylxwbipb0b870bcmk-openssl-3.6.0-bin"
        }
      }
    },
    "pkg-config@0.29.2": {
      "last_modified": "2025-11-23T21:50:36Z",
      "resolved": "github:NixOS/nixpkgs/ee09932cedcef15aaf476f9343d1dea2cb77e261#pkg-config",
      "source": "devbox-search",
      "version": "0.29.2",
      "systems": {
        "aarch64-darwin": {
          "outputs": [
            {
              "name": "out",
              "path": "/nix/store/hygaaqwk9ylklp0ybwppqhw75nz8ya41-pkg-config-wrapper-0.29.2",
              "default": true
            },
            {
              "name": "man",
              "path": "/nix/store/9px0sji43x3r2w4zxl3j3idwsql7lwxx-pkg-config-wrapper-0.29.2-man",
              "default": true
            },
            {
              "name": "doc",
              "path": "/nix/store/hqk44ra6qxw7iixardl6c3hdgb9kq6ns-pkg-config-wrapper-0.29.2-doc"
            }
          ],
          "store_path": "/nix/store/hygaaqwk9ylklp0ybwppqhw75nz8ya41-pkg-config-wrapper-0.29.2"
        },
        "aarch64-linux": {
          "outputs": [
            {
              "name": "out",
              "path": "/nix/store/lbiigi8qbp7mzf1lpr7p982l1kyf01ql-pkg-config-wrapper-0.29.2",
              "default": true
            },
            {
              "name": "man",
              "path": "/nix/store/10060k24qggqyzlwdsfmni9y32zxcg0j-pkg-config-wrapper-0.29.2-man",
              "default": true
            },
            {
              "name": "doc",
              "path": "/nix/store/0y4v51ndpyvkj09hwlfqkz0c3h17zfmc-pkg-config-wrapper-0.29.2-doc"
            }
          ],
          "store_path": "/nix/store/lbiigi8qbp7mzf1lpr7p982l1kyf01ql-pkg-config-wrapper-0.29.2"
        },
        "x86_64-darwin": {
          "outputs": [
            {
              "name": "out",
              "path": "/nix/store/vknadizq0q5kffvx6y4379p9gdry9zq3-pkg-config-wrapper-0.29.2",
              "default": true
            },
            {
              "name": "man",
              "path": "/nix/store/1nyspra675q22gfhf7hn2nmfpi6rgim5-pkg-config-wrapper-0.29.2-man",
              "default": true
            },
            {
              "name": "doc",
              "path": "/nix/store/7lq1axxwrafwljs06n88bzyz9w523rkc-pkg-config-wrapper-0.29.2-doc"
            }
          ],
          "store_path": "/nix/store/vknadizq0q5kffvx6y4379p9gdry9zq3-pkg-config-wrapper-0.29.2"
        },
        "x86_64-linux": {
          "outputs": [
            {
              "name": "out",
              "path": "/nix/store/8vdiwpbh0g4avsd6x5v4s0di32vcl3dp-pkg-config-wrapper-0.29.2",
              "default": true
            },
            {
              "name": "man",
              "path": "/nix/store/j9xfpnrygg3v37svc5pfin9q5bm49r94-pkg-config-wrapper-0.29.2-man",
              "default": true
            },
            {
              "name": "doc",
              "path": "/nix/store/x3bypxdxaq20kykybhkf21x4jczsiy8y-pkg-config-wrapper-0.29.2-doc"
            }
          ],
          "store_path": "/nix/store/8vdiwpbh0g4avsd6x5v4s0di32vcl3dp-pkg-config-wrapper-0.29.2"
        }
      }
    },
    "pnpm@11.18.0": {
      "last_modified": "2026-08-01T16:34:20Z",
      "resolved": "github:NixOS/nixpkgs/a5cbcfe954791221bfffe2307f7d1a1bf61a871e#pnpm",
      "source": "devbox-search",
      "version": "11.18.0",
      "systems": {
        "aarch64-darwin": {
          "outputs": [
            {
              "name": "out",
              "path": "/nix/store/xdpcq80iyj56vyqy2pfshfgv388pfhkr-pnpm-11.18.0",
              "default": true
            }
          ],
          "store_path": "/nix/store/xdpcq80iyj56vyqy2pfshfgv388pfhkr-pnpm-11.18.0"
        },
        "aarch64-linux": {
          "outputs": [
            {
              "name": "out",
              "path": "/nix/store/qlx962f3g4d2hr2pk8mkdcq8iimbnif1-pnpm-11.18.0",
              "default": true
            }
          ],
          "store_path": "/nix/store/qlx962f3g4d2hr2pk8mkdcq8iimbnif1-pnpm-11.18.0"
        },
        "x86_64-linux": {
          "outputs": [
            {
              "name": "out",
              "path": "/nix/store/jhwsa669x7bb3l4scnwhj7izqnhd5wmq-pnpm-11.18.0",
              "default": true
            }
          ],
          "store_path": "/nix/store/jhwsa669x7bb3l4scnwhj7izqnhd5wmq-pnpm-11.18.0"
        }
      }
    },
    "postgresql@18.6": {
      "last_modified": "2026-08-27T07:16:00Z",
      "plugin_version": "0.0.2",
      "resolved": "github:NixOS/nixpkgs/c27cdad491a991b11ed731760aa2ef8db0cb0410#postgresql",
      "source": "devbox-search",
      "version": "18.6",
      "systems": {
        "aarch64-darwin": {
          "outputs": [
            {
              "name": "out",
              "path": "/nix/store/zndqgdxn4p28iyax8raza3pfn7lkjw64-postgresql-18.6",
              "default": true
            },
            {
              "name": "man",
              "path": "/nix/store/vcpmm804kmh9d3dsa7lbs4sy31kzgdyv-postgresql-18.6-man",
              "default": true
            },
            {
              "name": "plperl",
              "path": "/nix/store/hxla2jzl7ayf414byhha12arg65ikbw3-postgresql-18.6-plperl"
            },
            {
              "name": "jit",
              "path": "/nix/store/wzfsmchzqzxpjj07ni1iacv8kn24crhp-postgresql-18.6-jit"
            },
            {
              "name": "lib",
              "path": "/nix/store/4n0cyq26dskdxq69d9c4hci8wkylh6bf-postgresql-18.6-lib"
            },
            {
              "name": "plpython3",
              "path": "/nix/store/ihpg04gy6kr3d4rr0m04n9sx7y50vbsn-postgresql-18.6-plpython3"
            },
            {
              "name": "pltcl",
              "path": "/nix/store/jsaccr2cdkxgsw7j40rsbri108z6ap86-postgresql-18.6-pltcl"
            },
            {
              "name": "dev",
              "path": "/nix/store/g6mn0a7jc54a5yr76rq6x7crm91fmz57-postgresql-18.6-dev"
            },
            {
              "name": "doc",
              "path": "/nix/store/sz801w6452pq74bwipz6ncj180m64kgh-postgresql-18.6-doc"
            }
          ],
          "store_path": "/nix/store/zndqgdxn4p28iyax8raza3pfn7lkjw64-postgresql-18.6"
        },
        "aarch64-linux": {
          "outputs": [
            {
              "name": "out",
              "path": "/nix/store/d3jgjf9yvbf5q3bh3d56vvr9x7ydsjgv-postgresql-18.6",
              "default": true
            },
            {
              "name": "man",
              "path": "/nix/store/hgv2f2547hv1mwdpr9h0z4fgbj5jcb5v-postgresql-18.6-man",
              "default": true
            },
            {
              "name": "debug",
              "path": "/nix/store/4kw230jx32wm5mc8d1zr2xnlwil3v6s2-postgresql-18.6-debug"
            },
            {
              "name": "dev",
              "path": "/nix/store/8mjm908kr4ap1wwf6s5b7ar1dx1np0hp-postgresql-18.6-dev"
            },
            {
              "name": "lib",
              "path": "/nix/store/1p5llfgr4zza8dll1rnibc8x3qwq4gr7-postgresql-18.6-lib"
            },
            {
              "name": "plperl",
              "path": "/nix/store/sidyg3rfbmxbamv9xmhxasfpz8z8d1f5-postgresql-18.6-plperl"
            },
            {
              "name": "doc",
              "path": "/nix/store/03q7nrv8lf3xn1yzjfphg4n4fxzsyzqw-postgresql-18.6-doc"
            },
            {
              "name": "jit",
              "path": "/nix/store/rxndbq1lal2i65a55myzddnlxcl898gj-postgresql-18.6-jit"
            },
            {
              "name": "plpython3",
              "path": "/nix/store/f533d0xrh4xmd569jls0iz46lqknrp88-postgresql-18.6-plpython3"
            },
            {
              "name": "pltcl",
              "path": "/nix/store/lj4klnqiqg7xkkkhmdy4n4d7r3svcyky-postgresql-18.6-pltcl"
            }
          ],
          "store_path": "/nix/store/d3jgjf9yvbf5q3bh3d56vvr9x7ydsjgv-postgresql-18.6"
        },
        "x86_64-linux": {
          "outputs": [
            {
              "name": "out",
              "path": "/nix/store/h9aczmrkpcmm9z47648m5n9sg67vi5gw-postgresql-18.6",
              "default": true
            },
            {
              "name": "man",
              "path": "/nix/store/pv5pg4q7k7261z2j7z5qs7frg0rvz9b3-postgresql-18.6-man",
              "default": true
            },
            {
              "name": "doc",
              "path": "/nix/store/8z4wgfcyc5a2qqmdg562qhyqi7c29l4g-postgresql-18.6-doc"
            },
            {
              "name": "lib",
              "path": "/nix/store/vgkmbbqcpmm5wagmf6gv8jv06v3lp21s-postgresql-18.6-lib"
            },
            {
              "name": "plperl",
              "path": "/nix/store/m6gjxgw9biyc46dg1sbsgycr3scqf4v8-postgresql-18.6-plperl"
            },
            {
              "name": "pltcl",
              "path": "/nix/store/x1mgd47yiskrnqd607fw7aj4mvgd8dmb-postgresql-18.6-pltcl"
            },
            {
              "name": "debug",
              "path": "/nix/store/g87ds83g9q0q50x3dvlvacw5fix0xdfx-postgresql-18.6-debug"
            },
            {
              "name": "dev",
              "path": "/nix/store/kyljy9lpzxcnj0mmayhn6pja667mxcqv-postgresql-18.6-dev"
            },
            {
              "name": "jit",
              "path": "/nix/store/0pm89bxz4n3bmhg43z9l5y0pj4wk6h49-postgresql-18.6-jit"
            },
            {
              "name": "plpython3",
              "path": "/nix/store/y55nfhp3188m4k438hy6lw1h55z472ga-postgresql-18.6-plpython3"
            }
          ],
          "store_path": "/nix/store/h9aczmrkpcmm9z47648m5n9sg67vi5gw-postgresql-18.6"
        }
      }
    },
    "pre-commit@4.5.1": {
      "last_modified": "2026-08-27T07:16:00Z",
      "resolved": "github:NixOS/nixpkgs/c27cdad491a991b11ed731760aa2ef8db0cb0410#pre-commit",
      "source": "devbox-search",
      "version": "4.5.1",
      "systems": {
        "aarch64-darwin": {
          "outputs": [
            {
              "name": "out",
              "path": "/nix/store/fg50lvs8kf5jcbfmn578h5z6wiay1p4m-pre-commit-4.5.1",
              "default": true
            },
            {
              "name": "dist",
              "path": "/nix/store/5lk0zm075qic9mcjanlnlvvf67kzfjb5-pre-commit-4.5.1-dist"
            }
          ],
          "store_path": "/nix/store/fg50lvs8kf5jcbfmn578h5z6wiay1p4m-pre-commit-4.5.1"
        },
        "aarch64-linux": {
          "outputs": [
            {
              "name": "out",
              "path": "/nix/store/sdm1k3b5d5gy5szf3ialbd6kxplz332w-pre-commit-4.5.1",
              "default": true
            },
            {
              "name": "dist",
              "path": "/nix/store/6qdl4bh053c41zkp4bvj18s3f38y319y-pre-commit-4.5.1-dist"
            }
          ],
          "store_path": "/nix/store/sdm1k3b5d5gy5szf3ialbd6kxplz332w-pre-commit-4.5.1"
        },
        "x86_64-darwin": {
          "outputs": [
            {
              "name": "out",
              "path": "/nix/store/51i9rjiyhdnxd96rp3cc8ykhcld7zhqq-pre-commit-4.5.1",
              "default": true
            },
            {
              "name": "dist",
              "path": "/nix/store/hphzzlh3q6nz74px0mq2a1h7yqkyr35b-pre-commit-4.5.1-dist"
            }
          ],
          "store_path": "/nix/store/51i9rjiyhdnxd96rp3cc8ykhcld7zhqq-pre-commit-4.5.1"
        },
        "x86_64-linux": {
          "outputs": [
            {
              "name": "out",
              "path": "/nix/store/qmf95a0dq52f0nffcq6xavpl6zsmd91s-pre-commit-4.5.1",
              "default": true
            },
            {
              "name": "dist",
              "path": "/nix/store/z1bnarx0px935kmfp65izm92kdiml08g-pre-commit-4.5.1-dist"
            }
          ],
          "store_path": "/nix/store/qmf95a0dq52f0nffcq6xavpl6zsmd91s-pre-commit-4.5.1"
        }
      }
    },
    "rustup@1.29.0": {
      "last_modified": "2026-08-27T07:16:00Z",
      "plugin_version": "0.0.1",
      "resolved": "github:NixOS/nixpkgs/c27cdad491a991b11ed731760aa2ef8db0cb0410#rustup",
      "source": "devbox-search",
      "version": "1.29.0",
      "systems": {
        "aarch64-darwin": {
          "outputs": [
            {
              "name": "out",
              "path": "/nix/store/1x8jzaxfv0bak76xkr5li258cal51n99-rustup-1.29.0",
              "default": true
            }
          ],
          "store_path": "/nix/store/1x8jzaxfv0bak76xkr5li258cal51n99-rustup-1.29.0"
        },
        "aarch64-linux": {
          "outputs": [
            {
              "name": "out",
              "path": "/nix/store/iwq43bwclkay14x5x5bfj955ffphaqff-rustup-1.29.0",
              "default": true
            }
          ],
          "store_path": "/nix/store/iwq43bwclkay14x5x5bfj955ffphaqff-rustup-1.29.0"
        },
        "x86_64-darwin": {
          "outputs": [
            {
              "name": "out",
              "path": "/nix/store/lvm2155pfw1b3a9g8cij5g7vx2dk4v9f-rustup-1.29.0",
              "default": true
            }
          ],
          "store_path": "/nix/store/lvm2155pfw1b3a9g8cij5g7vx2dk4v9f-rustup-1.29.0"
        },
        "x86_64-linux": {
          "outputs": [
            {
              "name": "out",
              "path": "/nix/store/cdgc1rh9s22n5i5cgr96vda0pjx1xg3x-rustup-1.29.0",
              "default": true
            }
          ],
          "store_path": "/nix/store/cdgc1rh9s22n5i5cgr96vda0pjx1xg3x-rustup-1.29.0"
        }
      }
    },
    "sqlx-cli@0.8.6": {
      "last_modified": "2026-05-21T08:15:18Z",
      "resolved": "github:NixOS/nixpkgs/4a29d733e8a7d5b824c3d8c958a946a9867b3eb2#sqlx-cli",
      "source": "devbox-search",
      "version": "0.8.6",
      "systems": {
        "aarch64-darwin": {
          "outputs": [
            {
              "name": "out",
              "path": "/nix/store/5icfnqhb8mbdmcfpq2jzj2l6hyca26mb-sqlx-cli-0.8.6",
              "default": true
            }
          ],
          "store_path": "/nix/store/5icfnqhb8mbdmcfpq2jzj2l6hyca26mb-sqlx-cli-0.8.6"
        },
        "aarch64-linux": {
          "outputs": [
            {
              "name": "out",
              "path": "/nix/store/jxgd3n2rs71r28b0izf66g3ys2mq86q9-sqlx-cli-0.8.6",
              "default": true
            }
          ],
          "store_path": "/nix/store/jxgd3n2rs71r28b0izf66g3ys2mq86q9-sqlx-cli-0.8.6"
        },
        "x86_64-darwin": {
          "outputs": [
            {
              "name": "out",
              "path": "/nix/store/cgz0zaiky83f5zj9gjxjalqj82qdyj4c-sqlx-cli-0.8.6",
              "default": true
            }
          ],
          "store_path": "/nix/store/cgz0zaiky83f5zj9gjxjalqj82qdyj4c-sqlx-cli-0.8.6"
        },
        "x86_64-linux": {
          "outputs": [
            {
              "name": "out",
              "path": "/nix/store/bhwi716qa64gsdzxzgnr4yqmv6k5a9yi-sqlx-cli-0.8.6",
              "default": true
            }
          ],
          "store_path": "/nix/store/bhwi716qa64gsdzxzgnr4yqmv6k5a9yi-sqlx-cli-0.8.6"
        }
      }
    }
  }
}
